Microsoft Visual Studio Solution File, Format Version 12.00
# Visual Studio Version 17
VisualStudioVersion = 17.5.2.0
MinimumVisualStudioVersion = 10.0.40219.1
Project("{FAE04EC0-301F-11D3-BF4B-00C04F79EFBC}") = "tasknote", "tasknote.csproj", "{80ED26E2-6E3C-F1AB-E610-E811BAD8BCBC}"
EndProject
Global
	GlobalSection(SolutionConfigurationPlatforms) = preSolution
		Debug|Any CPU = Debug|Any CPU
		Release|Any CPU = Release|Any CPU
	EndGlobalSection
	GlobalSection(ProjectConfigurationPlatforms) = postSolution
		{80ED26E2-6E3C-F1AB-E610-E811BAD8BCBC}.Debug|Any CPU.ActiveCfg = Debug|Any CPU
		{80ED26E2-6E3C-F1AB-E610-E811BAD8BCBC}.Debug|Any CPU.Build.0 = Debug|Any CPU
		{80ED26E2-6E3C-F1AB-E610-E811BAD8BCBC}.Release|Any CPU.ActiveCfg = Release|Any CPU
		{80ED26E2-6E3C-F1AB-E610-E811BAD8BCBC}.Release|Any CPU.Build.0 = Release|Any CPU
	EndGlobalSection
	GlobalSection(SolutionProperties) = preSolution
		HideSolutionNode = FALSE
	EndGlobalSection
	GlobalSection(ExtensibilityGlobals) = postSolution
		SolutionGuid = {2CE7E99A-E858-4163-9AB9-CBBC5187EFBC}
	EndGlobalSection
EndGlobal
